
Microsoft Visual Studio Solution File, Format Version 12.00
# Visual Studio Version 17
VisualStudioVersion = 17.13.35825.156 d17.13
MinimumVisualStudioVersion = 10.0.40219.1
Project("{FAE04EC0-301F-11D3-BF4B-00C04F79EFBC}") = "Genspil", "Genspil.csproj", "{B993E552-5748-4B44-B610-B3545720AFD2}"
EndProject
Global
	GlobalSection(SolutionConfigurationPlatforms) = preSolution
		Debug|Any CPU = Debug|Any CPU
		Release|Any CPU = Release|Any CPU
	EndGlobalSection
	GlobalSection(ProjectConfigurationPlatforms) = postSolution
		{B993E552-5748-4B44-B610-B3545720AFD2}.Debug|Any CPU.ActiveCfg = Debug|Any CPU
		{B993E552-5748-4B44-B610-B3545720AFD2}.Debug|Any CPU.Build.0 = Debug|Any CPU
		{B993E552-5748-4B44-B610-B3545720AFD2}.Release|Any CPU.ActiveCfg = Release|Any CPU
		{B993E552-5748-4B44-B610-B3545720AFD2}.Release|Any CPU.Build.0 = Release|Any CPU
	EndGlobalSection
	GlobalSection(SolutionProperties) = preSolution
		HideSolutionNode = FALSE
	EndGlobalSection
	GlobalSection(ExtensibilityGlobals) = postSolution
		SolutionGuid = {FC1E225C-B50F-403E-AFF0-0C6A00D828FB}
	EndGlobalSection
EndGlobal
